<?xml version="1.0" encoding="UTF-8" standalone="yes" ?>
<CodeBlocks_project_file>
	<FileVersion major="1" minor="6" />
	<Project>
		<Option title="maillage_v3" />
		<Option pch_mode="2" />
		<Option compiler="gcc" />
		<Build>
			<Target title="Debug">
				<Option output="bin/Debug/maillage_v3" prefix_auto="1" extension_auto="1" />
				<Option object_output="obj/Debug/" />
				<Option type="1" />
				<Option compiler="gcc" />
				<Compiler>
					<Add option="-g" />
				</Compiler>
			</Target>
			<Target title="Release">
				<Option output="bin/Release/maillage_v3" prefix_auto="1" extension_auto="1" />
				<Option object_output="obj/Release/" />
				<Option type="1" />
				<Option compiler="gcc" />
				<Compiler>
					<Add option="-O2" />
				</Compiler>
				<Linker>
					<Add option="-s" />
				</Linker>
			</Target>
		</Build>
		<Compiler>
			<Add option="-Wall" />
			<Add option="-fexceptions" />
		</Compiler>
		<Unit filename="src/geometrie/cadre.cpp" />
		<Unit filename="src/geometrie/cadre.h" />
		<Unit filename="src/geometrie/coords.cpp" />
		<Unit filename="src/geometrie/coords.h" />
		<Unit filename="src/geometrie/matrice.cpp" />
		<Unit filename="src/geometrie/matrice.h" />
		<Unit filename="src/geometrie/transformation.cpp" />
		<Unit filename="src/geometrie/transformation.h" />
		<Unit filename="src/graphisme/couleur.cpp" />
		<Unit filename="src/graphisme/couleur.h" />
		<Unit filename="src/graphisme/styledessin.h" />
		<Unit filename="src/main.cpp" />
		<Unit filename="src/svg/svgfile.cpp" />
		<Unit filename="src/svg/svgfile.h" />
		<Unit filename="src/util/util.cpp" />
		<Unit filename="src/util/util.h" />
		<Extensions>
			<code_completion />
			<envvars />
			<debugger />
			<lib_finder disable_auto="1" />
		</Extensions>
	</Project>
</CodeBlocks_project_file>
